
Microsoft Visual Studio Solution File, Format Version 12.00
# Visual Studio 15
VisualStudioVersion = 15.0.28307.1022
MinimumVisualStudioVersion = 10.0.40219.1
Project("{FAE04EC0-301F-11D3-BF4B-00C04F79EFBC}") = "GitDemo-new", "GitDemo-new\GitDemo-new.csproj", "{4AB28FA9-0327-42E7-B7E6-3ED63955A68D}"
EndProject
Global
	GlobalSection(SolutionConfigurationPlatforms) = preSolution
		Debug|Any CPU = Debug|Any CPU
		Release|Any CPU = Release|Any CPU
	EndGlobalSection
	GlobalSection(ProjectConfigurationPlatforms) = postSolution
		{4AB28FA9-0327-42E7-B7E6-3ED63955A68D}.Debug|Any CPU.ActiveCfg = Debug|Any CPU
		{4AB28FA9-0327-42E7-B7E6-3ED63955A68D}.Debug|Any CPU.Build.0 = Debug|Any CPU
		{4AB28FA9-0327-42E7-B7E6-3ED63955A68D}.Release|Any CPU.ActiveCfg = Release|Any CPU
		{4AB28FA9-0327-42E7-B7E6-3ED63955A68D}.Release|Any CPU.Build.0 = Release|Any CPU
	EndGlobalSection
	GlobalSection(SolutionProperties) = preSolution
		HideSolutionNode = FALSE
	EndGlobalSection
	GlobalSection(ExtensibilityGlobals) = postSolution
		SolutionGuid = {8EA9747B-6801-4C7F-91A6-D74C5D8ABB34}
	EndGlobalSection
EndGlobal
